<?xml version="1.0" encoding="utf-8"?>
<Project ToolsVersion="4.0" xmlns="http://schemas.microsoft.com/developer/msbuild/2003">
  <ItemGroup>
    <Filter Include="Source Files">
      <UniqueIdentifier>{4FC737F1-C7A5-4376-A066-2A32D752A2FF}</UniqueIdentifier>
      <Extensions>cpp;c;cc;cxx;def;odl;idl;hpj;bat;asm;asmx</Extensions>
    </Filter>
    <Filter Include="Source Files\Game">
      <UniqueIdentifier>{9aa2b002-ce76-45f3-bc0b-6dd1c962f0dc}</UniqueIdentifier>
    </Filter>
    <Filter Include="Assets">
      <UniqueIdentifier>{7b3dd730-cc06-4bbc-82b8-007436f2a05b}</UniqueIdentifier>
    </Filter>
    <Filter Include="Assets\Shaders">
      <UniqueIdentifier>{00ef3c88-8ec9-4fc4-8082-d9660dd1a1f6}</UniqueIdentifier>
    </Filter>
    <Filter Include="Other">
      <UniqueIdentifier>{5c42f51c-543b-400a-b34a-def6eceb04ac}</UniqueIdentifier>
    </Filter>
  </ItemGroup>
  <ItemGroup>
    <ClCompile Include="main.cpp">
      <Filter>Source Files</Filter>
    </ClCompile>
    <ClCompile Include="stdafx.cpp">
      <Filter>Source Files</Filter>
    </ClCompile>
    <ClCompile Include="Game.cpp">
      <Filter>Source Files\Game</Filter>
    </ClCompile>
    <ClCompile Include="GameBall.cpp">
      <Filter>Source Files\Game</Filter>
    </ClCompile>
    <ClCompile Include="GameField.cpp">
      <Filter>Source Files\Game</Filter>
    </ClCompile>
    <ClCompile Include="GameObject.cpp">
      <Filter>Source Files\Game</Filter>
    </ClCompile>
    <ClCompile Include="GamePaddle.cpp">
      <Filter>Source Files\Game</Filter>
    </ClCompile>
    <ClCompile Include="GamePlayer.cpp">
      <Filter>Source Files\Game</Filter>
    </ClCompile>
    <ClCompile Include="Assets.cpp">
      <Filter>Source Files</Filter>
    </ClCompile>
    <ClCompile Include="GameController.cpp">
      <Filter>Source Files\Game</Filter>
    </ClCompile>
    <ClCompile Include="GamePaddleController.cpp">
      <Filter>Source Files\Game</Filter>
    </ClCompile>
    <ClCompile Include="GameScene.cpp">
      <Filter>Source Files\Game</Filter>
    </ClCompile>
  </ItemGroup>
  <ItemGroup>
    <ClInclude Include="Consts.h">
      <Filter>Source Files</Filter>
    </ClInclude>
    <ClInclude Include="stdafx.h">
      <Filter>Source Files</Filter>
    </ClInclude>
    <ClInclude Include="Game.h">
      <Filter>Source Files\Game</Filter>
    </ClInclude>
    <ClInclude Include="GameBall.h">
      <Filter>Source Files\Game</Filter>
    </ClInclude>
    <ClInclude Include="GameField.h">
      <Filter>Source Files\Game</Filter>
    </ClInclude>
    <ClInclude Include="GameObject.h">
      <Filter>Source Files\Game</Filter>
    </ClInclude>
    <ClInclude Include="GamePaddle.h">
      <Filter>Source Files\Game</Filter>
    </ClInclude>
    <ClInclude Include="GamePlayer.h">
      <Filter>Source Files\Game</Filter>
    </ClInclude>
    <ClInclude Include="Assets.h">
      <Filter>Source Files</Filter>
    </ClInclude>
    <ClInclude Include="ControlEventObservers.h">
      <Filter>Source Files</Filter>
    </ClInclude>
    <ClInclude Include="GameController.h">
      <Filter>Source Files\Game</Filter>
    </ClInclude>
    <ClInclude Include="GamePaddleController.h">
      <Filter>Source Files\Game</Filter>
    </ClInclude>
    <ClInclude Include="GameConsts.h">
      <Filter>Source Files\Game</Filter>
    </ClInclude>
    <ClInclude Include="GameScene.h">
      <Filter>Source Files\Game</Filter>
    </ClInclude>
  </ItemGroup>
  <ItemGroup>
    <None Include="Assets\main_fs.glsl">
      <Filter>Assets\Shaders</Filter>
    </None>
    <None Include="Assets\main_vs.glsl">
      <Filter>Assets\Shaders</Filter>
    </None>
    <None Include="config.xml">
      <Filter>Other</Filter>
    </None>
  </ItemGroup>
  <ItemGroup>
    <Text Include="Assets\font_fs.glsl">
      <Filter>Assets\Shaders</Filter>
    </Text>
    <Text Include="Assets\font_vs.glsl">
      <Filter>Assets\Shaders</Filter>
    </Text>
  </ItemGroup>
  <ItemGroup>
    <Xml Include="Assets\font.xml">
      <Filter>Assets</Filter>
    </Xml>
    <Xml Include="Assets\gameui.xml">
      <Filter>Assets</Filter>
    </Xml>
  </ItemGroup>
  <ItemGroup>
    <Image Include="Assets\font.png">
      <Filter>Assets</Filter>
    </Image>
    <Image Include="Assets\texture.png">
      <Filter>Assets</Filter>
    </Image>
  </ItemGroup>
</Project>